
Microsoft Visual Studio Solution File, Format Version 12.00
Project("{FAE04EC0-301F-11D3-BF4B-00C04F79EFBC}") = "stackoverflow-statistics", "stackoverflow-statistics\stackoverflow-statistics.csproj", "{FD3A48FA-EE60-443A-9177-4FB87500AD23}"
EndProject
Global
	GlobalSection(SolutionConfigurationPlatforms) = preSolution
		Debug|Any CPU = Debug|Any CPU
		Release|Any CPU = Release|Any CPU
	EndGlobalSection
	GlobalSection(ProjectConfigurationPlatforms) = postSolution
		{FD3A48FA-EE60-443A-9177-4FB87500AD23}.Debug|Any CPU.ActiveCfg = Debug|Any CPU
		{FD3A48FA-EE60-443A-9177-4FB87500AD23}.Debug|Any CPU.Build.0 = Debug|Any CPU
		{FD3A48FA-EE60-443A-9177-4FB87500AD23}.Release|Any CPU.ActiveCfg = Release|Any CPU
		{FD3A48FA-EE60-443A-9177-4FB87500AD23}.Release|Any CPU.Build.0 = Release|Any CPU
	EndGlobalSection
EndGlobal
